
Microsoft Visual Studio Solution File, Format Version 12.00
# Visual Studio Version 16
VisualStudioVersion = 16.0.31205.134
MinimumVisualStudioVersion = 10.0.40219.1
Project("{FAE04EC0-301F-11D3-BF4B-00C04F79EFBC}") = "Kurs Selenium", "Kurs Selenium\Kurs Selenium.csproj", "{73EAC989-A904-438B-802B-9BFA443A901E}"
EndProject
Global
	GlobalSection(SolutionConfigurationPlatforms) = preSolution
		Debug|Any CPU = Debug|Any CPU
		Release|Any CPU = Release|Any CPU
	EndGlobalSection
	GlobalSection(ProjectConfigurationPlatforms) = postSolution
		{73EAC989-A904-438B-802B-9BFA443A901E}.Debug|Any CPU.ActiveCfg = Debug|Any CPU
		{73EAC989-A904-438B-802B-9BFA443A901E}.Debug|Any CPU.Build.0 = Debug|Any CPU
		{73EAC989-A904-438B-802B-9BFA443A901E}.Release|Any CPU.ActiveCfg = Release|Any CPU
		{73EAC989-A904-438B-802B-9BFA443A901E}.Release|Any CPU.Build.0 = Release|Any CPU
	EndGlobalSection
	GlobalSection(SolutionProperties) = preSolution
		HideSolutionNode = FALSE
	EndGlobalSection
	GlobalSection(ExtensibilityGlobals) = postSolution
		SolutionGuid = {C04DC6BF-F001-4217-A583-D44D05A22792}
	EndGlobalSection
EndGlobal
